// !$*UTF8*$!
{
	archiveVersion = 1;
	classes = {
	};
	objectVersion = 55;
	objects = {

/* Begin PBXBuildFile section */
		064DFAE528A026CA002E732C /* todoinApp.swift in Sources */ = {isa = PBXBuildFile; fileRef = 064DFAE428A026CA002E732C /* todoinApp.swift */; };
		064DFAE728A026CA002E732C /* ContentView.swift in Sources */ = {isa = PBXBuildFile; fileRef = 064DFAE628A026CA002E732C /* ContentView.swift */; };
		064DFAE928A026CB002E732C /* Assets.xcassets in Resources */ = {isa = PBXBuildFile; fileRef = 064DFAE828A026CB002E732C /* Assets.xcassets */; };
		064DFAEC28A026CB002E732C /* Preview Assets.xcassets in Resources */ = {isa = PBXBuildFile; fileRef = 064DFAEB28A026CB002E732C /* Preview Assets.xcassets */; };
		064DFAEE28A026CB002E732C /* Persistence.swift in Sources */ = {isa = PBXBuildFile; fileRef = 064DFAED28A026CB002E732C /* Persistence.swift */; };
		064DFAF128A026CB002E732C /* todoin.xcdatamodeld in Sources */ = {isa = PBXBuildFile; fileRef = 064DFAEF28A026CB002E732C /* todoin.xcdatamodeld */; };
		064DFAF828A02945002E732C /* AdditemView.swift in Sources */ = {isa = PBXBuildFile; fileRef = 064DFAF728A02945002E732C /* AdditemView.swift */; };
		064DFB0828A2DA89002E732C /* WidgetKit.framework in Frameworks */ = {isa = PBXBuildFile; fileRef = 064DFB0728A2DA89002E732C /* WidgetKit.framework */; };
		064DFB0A28A2DA89002E732C /* SwiftUI.framework in Frameworks */ = {isa = PBXBuildFile; fileRef = 064DFB0928A2DA89002E732C /* SwiftUI.framework */; };
		064DFB0D28A2DA89002E732C /* Todoin_Widget.swift in Sources */ = {isa = PBXBuildFile; fileRef = 064DFB0C28A2DA89002E732C /* Todoin_Widget.swift */; };
		064DFB1028A2DA8A002E732C /* Assets.xcassets in Resources */ = {isa = PBXBuildFile; fileRef = 064DFB0F28A2DA8A002E732C /* Assets.xcassets */; };
		064DFB1228A2DA8A002E732C /* Todoin_Widget.intentdefinition in Sources */ = {isa = PBXBuildFile; fileRef = 064DFB0E28A2DA89002E732C /* Todoin_Widget.intentdefinition */; };
		064DFB1328A2DA8A002E732C /* Todoin_Widget.intentdefinition in Sources */ = {isa = PBXBuildFile; fileRef = 064DFB0E28A2DA89002E732C /* Todoin_Widget.intentdefinition */; };
		064DFB1628A2DA8A002E732C /* Todoin_WidgetExtension.appex in Embed App Extensions */ = {isa = PBXBuildFile; fileRef = 064DFB0528A2DA89002E732C /* Todoin_WidgetExtension.appex */; settings = {ATTRIBUTES = (RemoveHeadersOnCopy, ); }; };
/* End PBXBuildFile section */

/* Begin PBXContainerItemProxy section */
		064DFB1428A2DA8A002E732C /* PBXContainerItemProxy */ = {
			isa = PBXContainerItemProxy;
			containerPortal = 064DFAD928A026CA002E732C /* Project object */;
			proxyType = 1;
			remoteGlobalIDString = 064DFB0428A2DA89002E732C;
			remoteInfo = Todoin_WidgetExtension;
		};
/* End PBXContainerItemProxy section */

/* Begin PBXCopyFilesBuildPhase section */
		064DFB1A28A2DA8A002E732C /* Embed App Extensions */ = {
			isa = PBXCopyFilesBuildPhase;
			buildActionMask = 2147483647;
			dstPath = "";
			dstSubfolderSpec = 13;
			files = (
				064DFB1628A2DA8A002E732C /* Todoin_WidgetExtension.appex in Embed App Extensions */,
			);
			name = "Embed App Extensions";
			runOnlyForDeploymentPostprocessing = 0;
		};
/* End PBXCopyFilesBuildPhase section */

/* Begin PBXFileReference section */
		064DFAE128A026CA002E732C /* ToDoin.app */ = {isa = PBXFileReference; explicitFileType = wrapper.application; includeInIndex = 0; path = ToDoin.app; sourceTree = BUILT_PRODUCTS_DIR; };
		064DFAE428A026CA002E732C /* todoinApp.swift */ = {isa = PBXFileReference; lastKnownFileType = sourcecode.swift; path = todoinApp.swift; sourceTree = "<group>"; };
		064DFAE628A026CA002E732C /* ContentView.swift */ = {isa = PBXFileReference; lastKnownFileType = sourcecode.swift; path = ContentView.swift; sourceTree = "<group>"; };
		064DFAE828A026CB002E732C /* Assets.xcassets */ = {isa = PBXFileReference; lastKnownFileType = folder.assetcatalog; path = Assets.xcassets; sourceTree = "<group>"; };
		064DFAEB28A026CB002E732C /* Preview Assets.xcassets */ = {isa = PBXFileReference; lastKnownFileType = folder.assetcatalog; path = "Preview Assets.xcassets"; sourceTree = "<group>"; };
		064DFAED28A026CB002E732C /* Persistence.swift */ = {isa = PBXFileReference; lastKnownFileType = sourcecode.swift; path = Persistence.swift; sourceTree = "<group>"; };
		064DFAF028A026CB002E732C /* todoin.xcdatamodel */ = {isa = PBXFileReference; lastKnownFileType = wrapper.xcdatamodel; path = todoin.xcdatamodel; sourceTree = "<group>"; };
		064DFAF728A02945002E732C /* AdditemView.swift */ = {isa = PBXFileReference; lastKnownFileType = sourcecode.swift; path = AdditemView.swift; sourceTree = "<group>"; };
		064DFB0528A2DA89002E732C /* Todoin_WidgetExtension.appex */ = {isa = PBXFileReference; explicitFileType = "wrapper.app-extension"; includeInIndex = 0; path = Todoin_WidgetExtension.appex; sourceTree = BUILT_PRODUCTS_DIR; };
		064DFB0728A2DA89002E732C /* WidgetKit.framework */ = {isa = PBXFileReference; lastKnownFileType = wrapper.framework; name = WidgetKit.framework; path = System/Library/Frameworks/WidgetKit.framework; sourceTree = SDKROOT; };
		064DFB0928A2DA89002E732C /* SwiftUI.framework */ = {isa = PBXFileReference; lastKnownFileType = wrapper.framework; name = SwiftUI.framework; path = System/Library/Frameworks/SwiftUI.framework; sourceTree = SDKROOT; };
		064DFB0C28A2DA89002E732C /* Todoin_Widget.swift */ = {isa = PBXFileReference; lastKnownFileType = sourcecode.swift; path = Todoin_Widget.swift; sourceTree = "<group>"; };
		064DFB0E28A2DA89002E732C /* Todoin_Widget.intentdefinition */ = {isa = PBXFileReference; lastKnownFileType = file.intentdefinition; path = Todoin_Widget.intentdefinition; sourceTree = "<group>"; };
		064DFB0F28A2DA8A002E732C /* Assets.xcassets */ = {isa = PBXFileReference; lastKnownFileType = folder.assetcatalog; path = Assets.xcassets; sourceTree = "<group>"; };
		064DFB1128A2DA8A002E732C /* Info.plist */ = {isa = PBXFileReference; lastKnownFileType = text.plist.xml; path = Info.plist; sourceTree = "<group>"; };
/* End PBXFileReference section */

/* Begin PBXFrameworksBuildPhase section */
		064DFADE28A026CA002E732C /* Frameworks */ = {
			isa = PBXFrameworksBuildPhase;
			buildActionMask = 2147483647;
			files = (
			);
			runOnlyForDeploymentPostprocessing = 0;
		};
		064DFB0228A2DA89002E732C /* Frameworks */ = {
			isa = PBXFrameworksBuildPhase;
			buildActionMask = 2147483647;
			files = (
				064DFB0A28A2DA89002E732C /* SwiftUI.framework in Frameworks */,
				064DFB0828A2DA89002E732C /* WidgetKit.framework in Frameworks */,
			);
			runOnlyForDeploymentPostprocessing = 0;
		};
/* End PBXFrameworksBuildPhase section */

/* Begin PBXGroup section */
		064DFAD828A026CA002E732C = {
			isa = PBXGroup;
			children = (
				064DFAE328A026CA002E732C /* todoin */,
				064DFB0B28A2DA89002E732C /* Todoin_Widget */,
				064DFB0628A2DA89002E732C /* Frameworks */,
				064DFAE228A026CA002E732C /* Products */,
			);
			sourceTree = "<group>";
		};
		064DFAE228A026CA002E732C /* Products */ = {
			isa = PBXGroup;
			children = (
				064DFAE128A026CA002E732C /* ToDoin.app */,
				064DFB0528A2DA89002E732C /* Todoin_WidgetExtension.appex */,
			);
			name = Products;
			sourceTree = "<group>";
		};
		064DFAE328A026CA002E732C /* todoin */ = {
			isa = PBXGroup;
			children = (
				064DFAE428A026CA002E732C /* todoinApp.swift */,
				064DFAE628A026CA002E732C /* ContentView.swift */,
				064DFAF728A02945002E732C /* AdditemView.swift */,
				064DFAE828A026CB002E732C /* Assets.xcassets */,
				064DFAED28A026CB002E732C /* Persistence.swift */,
				064DFAEF28A026CB002E732C /* todoin.xcdatamodeld */,
				064DFAEA28A026CB002E732C /* Preview Content */,
			);
			path = todoin;
			sourceTree = "<group>";
		};
		064DFAEA28A026CB002E732C /* Preview Content */ = {
			isa = PBXGroup;
			children = (
				064DFAEB28A026CB002E732C /* Preview Assets.xcassets */,
			);
			path = "Preview Content";
			sourceTree = "<group>";
		};
		064DFB0628A2DA89002E732C /* Frameworks */ = {
			isa = PBXGroup;
			children = (
				064DFB0728A2DA89002E732C /* WidgetKit.framework */,
				064DFB0928A2DA89002E732C /* SwiftUI.framework */,
			);
			name = Frameworks;
			sourceTree = "<group>";
		};
		064DFB0B28A2DA89002E732C /* Todoin_Widget */ = {
			isa = PBXGroup;
			children = (
				064DFB0C28A2DA89002E732C /* Todoin_Widget.swift */,
				064DFB0E28A2DA89002E732C /* Todoin_Widget.intentdefinition */,
				064DFB0F28A2DA8A002E732C /* Assets.xcassets */,
				064DFB1128A2DA8A002E732C /* Info.plist */,
			);
			path = Todoin_Widget;
			sourceTree = "<group>";
		};
/* End PBXGroup section */

/* Begin PBXNativeTarget section */
		064DFAE028A026CA002E732C /* todoin */ = {
			isa = PBXNativeTarget;
			buildConfigurationList = 064DFAF428A026CB002E732C /* Build configuration list for PBXNativeTarget "todoin" */;
			buildPhases = (
				064DFADD28A026CA002E732C /* Sources */,
				064DFADE28A026CA002E732C /* Frameworks */,
				064DFADF28A026CA002E732C /* Resources */,
				064DFB1A28A2DA8A002E732C /* Embed App Extensions */,
			);
			buildRules = (
			);
			dependencies = (
				064DFB1528A2DA8A002E732C /* PBXTargetDependency */,
			);
			name = todoin;
			productName = todoin;
			productReference = 064DFAE128A026CA002E732C /* ToDoin.app */;
			productType = "com.apple.product-type.application";
		};
		064DFB0428A2DA89002E732C /* Todoin_WidgetExtension */ = {
			isa = PBXNativeTarget;
			buildConfigurationList = 064DFB1728A2DA8A002E732C /* Build configuration list for PBXNativeTarget "Todoin_WidgetExtension" */;
			buildPhases = (
				064DFB0128A2DA89002E732C /* Sources */,
				064DFB0228A2DA89002E732C /* Frameworks */,
				064DFB0328A2DA89002E732C /* Resources */,
			);
			buildRules = (
			);
			dependencies = (
			);
			name = Todoin_WidgetExtension;
			productName = Todoin_WidgetExtension;
			productReference = 064DFB0528A2DA89002E732C /* Todoin_WidgetExtension.appex */;
			productType = "com.apple.product-type.app-extension";
		};
/* End PBXNativeTarget section */

/* Begin PBXProject section */
		064DFAD928A026CA002E732C /* Project object */ = {
			isa = PBXProject;
			attributes = {
				BuildIndependentTargetsInParallel = 1;
				LastSwiftUpdateCheck = 1340;
				LastUpgradeCheck = 1340;
				TargetAttributes = {
					064DFAE028A026CA002E732C = {
						CreatedOnToolsVersion = 13.4.1;
					};
					064DFB0428A2DA89002E732C = {
						CreatedOnToolsVersion = 13.4.1;
					};
				};
			};
			buildConfigurationList = 064DFADC28A026CA002E732C /* Build configuration list for PBXProject "todoin" */;
			compatibilityVersion = "Xcode 13.0";
			developmentRegion = en;
			hasScannedForEncodings = 0;
			knownRegions = (
				en,
				Base,
			);
			mainGroup = 064DFAD828A026CA002E732C;
			productRefGroup = 064DFAE228A026CA002E732C /* Products */;
			projectDirPath = "";
			projectRoot = "";
			targets = (
				064DFAE028A026CA002E732C /* todoin */,
				064DFB0428A2DA89002E732C /* Todoin_WidgetExtension */,
			);
		};
/* End PBXProject section */

/* Begin PBXResourcesBuildPhase section */
		064DFADF28A026CA002E732C /* Resources */ = {
			isa = PBXResourcesBuildPhase;
			buildActionMask = 2147483647;
			files = (
				064DFAEC28A026CB002E732C /* Preview Assets.xcassets in Resources */,
				064DFAE928A026CB002E732C /* Assets.xcassets in Resources */,
			);
			runOnlyForDeploymentPostprocessing = 0;
		};
		064DFB0328A2DA89002E732C /* Resources */ = {
			isa = PBXResourcesBuildPhase;
			buildActionMask = 2147483647;
			files = (
				064DFB1028A2DA8A002E732C /* Assets.xcassets in Resources */,
			);
			runOnlyForDeploymentPostprocessing = 0;
		};
/* End PBXResourcesBuildPhase section */

/* Begin PBXSourcesBuildPhase section */
		064DFADD28A026CA002E732C /* Sources */ = {
			isa = PBXSourcesBuildPhase;
			buildActionMask = 2147483647;
			files = (
				064DFAF128A026CB002E732C /* todoin.xcdatamodeld in Sources */,
				064DFAEE28A026CB002E732C /* Persistence.swift in Sources */,
				064DFAE728A026CA002E732C /* ContentView.swift in Sources */,
				064DFB1328A2DA8A002E732C /* Todoin_Widget.intentdefinition in Sources */,
				064DFAE528A026CA002E732C /* todoinApp.swift in Sources */,
				064DFAF828A02945002E732C /* AdditemView.swift in Sources */,
			);
			runOnlyForDeploymentPostprocessing = 0;
		};
		064DFB0128A2DA89002E732C /* Sources */ = {
			isa = PBXSourcesBuildPhase;
			buildActionMask = 2147483647;
			files = (
				064DFB0D28A2DA89002E732C /* Todoin_Widget.swift in Sources */,
				064DFB1228A2DA8A002E732C /* Todoin_Widget.intentdefinition in Sources */,
			);
			runOnlyForDeploymentPostprocessing = 0;
		};
/* End PBXSourcesBuildPhase section */

/* Begin PBXTargetDependency section */
		064DFB1528A2DA8A002E732C /* PBXTargetDependency */ = {
			isa = PBXTargetDependency;
			target = 064DFB0428A2DA89002E732C /* Todoin_WidgetExtension */;
			targetProxy = 064DFB1428A2DA8A002E732C /* PBXContainerItemProxy */;
		};
/* End PBXTargetDependency section */

/* Begin XCBuildConfiguration section */
		064DFAF228A026CB002E732C /* Debug */ = {
			isa = XCBuildConfiguration;
			buildSettings = {
				ALWAYS_SEARCH_USER_PATHS = NO;
				CLANG_ANALYZER_NONNULL = YES;
				CLANG_ANALYZER_NUMBER_OBJECT_CONVERSION = YES_AGGRESSIVE;
				CLANG_CXX_LANGUAGE_STANDARD = "gnu++17";
				CLANG_ENABLE_MODULES = YES;
				CLANG_ENABLE_OBJC_ARC = YES;
				CLANG_ENABLE_OBJC_WEAK = YES;
				CLANG_WARN_BLOCK_CAPTURE_AUTORELEASING = YES;
				CLANG_WARN_BOOL_CONVERSION = YES;
				CLANG_WARN_COMMA = YES;
				CLANG_WARN_CONSTANT_CONVERSION = YES;
				CLANG_WARN_DEPRECATED_OBJC_IMPLEMENTATIONS = YES;
				CLANG_WARN_DIRECT_OBJC_ISA_USAGE = YES_ERROR;
				CLANG_WARN_DOCUMENTATION_COMMENTS = YES;
				CLANG_WARN_EMPTY_BODY = YES;
				CLANG_WARN_ENUM_CONVERSION = YES;
				CLANG_WARN_INFINITE_RECURSION = YES;
				CLANG_WARN_INT_CONVERSION = YES;
				CLANG_WARN_NON_LITERAL_NULL_CONVERSION = YES;
				CLANG_WARN_OBJC_IMPLICIT_RETAIN_SELF = YES;
				CLANG_WARN_OBJC_LITERAL_CONVERSION = YES;
				CLANG_WARN_OBJC_ROOT_CLASS = YES_ERROR;
				CLANG_WARN_QUOTED_INCLUDE_IN_FRAMEWORK_HEADER = YES;
				CLANG_WARN_RANGE_LOOP_ANALYSIS = YES;
				CLANG_WARN_STRICT_PROTOTYPES = YES;
				CLANG_WARN_SUSPICIOUS_MOVE = YES;
				CLANG_WARN_UNGUARDED_AVAILABILITY = YES_AGGRESSIVE;
				CLANG_WARN_UNREACHABLE_CODE = YES;
				CLANG_WARN__DUPLICATE_METHOD_MATCH = YES;
				COPY_PHASE_STRIP = NO;
				DEBUG_INFORMATION_FORMAT = dwarf;
				ENABLE_STRICT_OBJC_MSGSEND = YES;
				ENABLE_TESTABILITY = YES;
				GCC_C_LANGUAGE_STANDARD = gnu11;
				GCC_DYNAMIC_NO_PIC = NO;
				GCC_NO_COMMON_BLOCKS = YES;
				GCC_OPTIMIZATION_LEVEL = 0;
				GCC_PREPROCESSOR_DEFINITIONS = (
					"DEBUG=1",
					"$(inherited)",
				);
				GCC_WARN_64_TO_32_BIT_CONVERSION = YES;
				GCC_WARN_ABOUT_RETURN_TYPE = YES_ERROR;
				GCC_WARN_UNDECLARED_SELECTOR = YES;
				GCC_WARN_UNINITIALIZED_AUTOS = YES_AGGRESSIVE;
				GCC_WARN_UNUSED_FUNCTION = YES;
				GCC_WARN_UNUSED_VARIABLE = YES;
				IPHONEOS_DEPLOYMENT_TARGET = 15.5;
				MTL_ENABLE_DEBUG_INFO = INCLUDE_SOURCE;
				MTL_FAST_MATH = YES;
				ONLY_ACTIVE_ARCH = YES;
				SDKROOT = iphoneos;
				SWIFT_ACTIVE_COMPILATION_CONDITIONS = DEBUG;
				SWIFT_OPTIMIZATION_LEVEL = "-Onone";
			};
			name = Debug;
		};
		064DFAF328A026CB002E732C /* Release */ = {
			isa = XCBuildConfiguration;
			buildSettings = {
				ALWAYS_SEARCH_USER_PATHS = NO;
				CLANG_ANALYZER_NONNULL = YES;
				CLANG_ANALYZER_NUMBER_OBJECT_CONVERSION = YES_AGGRESSIVE;
				CLANG_CXX_LANGUAGE_STANDARD = "gnu++17";
				CLANG_ENABLE_MODULES = YES;
				CLANG_ENABLE_OBJC_ARC = YES;
				CLANG_ENABLE_OBJC_WEAK = YES;
				CLANG_WARN_BLOCK_CAPTURE_AUTORELEASING = YES;
				CLANG_WARN_BOOL_CONVERSION = YES;
				CLANG_WARN_COMMA = YES;
				CLANG_WARN_CONSTANT_CONVERSION = YES;
				CLANG_WARN_DEPRECATED_OBJC_IMPLEMENTATIONS = YES;
				CLANG_WARN_DIRECT_OBJC_ISA_USAGE = YES_ERROR;
				CLANG_WARN_DOCUMENTATION_COMMENTS = YES;
				CLANG_WARN_EMPTY_BODY = YES;
				CLANG_WARN_ENUM_CONVERSION = YES;
				CLANG_WARN_INFINITE_RECURSION = YES;
				CLANG_WARN_INT_CONVERSION = YES;
				CLANG_WARN_NON_LITERAL_NULL_CONVERSION = YES;
				CLANG_WARN_OBJC_IMPLICIT_RETAIN_SELF = YES;
				CLANG_WARN_OBJC_LITERAL_CONVERSION = YES;
				CLANG_WARN_OBJC_ROOT_CLASS = YES_ERROR;
				CLANG_WARN_QUOTED_INCLUDE_IN_FRAMEWORK_HEADER = YES;
				CLANG_WARN_RANGE_LOOP_ANALYSIS = YES;
				CLANG_WARN_STRICT_PROTOTYPES = YES;
				CLANG_WARN_SUSPICIOUS_MOVE = YES;
				CLANG_WARN_UNGUARDED_AVAILABILITY = YES_AGGRESSIVE;
				CLANG_WARN_UNREACHABLE_CODE = YES;
				CLANG_WARN__DUPLICATE_METHOD_MATCH = YES;
				COPY_PHASE_STRIP = NO;
				DEBUG_INFORMATION_FORMAT = "dwarf-with-dsym";
				ENABLE_NS_ASSERTIONS = NO;
				ENABLE_STRICT_OBJC_MSGSEND = YES;
				GCC_C_LANGUAGE_STANDARD = gnu11;
				GCC_NO_COMMON_BLOCKS = YES;
				GCC_WARN_64_TO_32_BIT_CONVERSION = YES;
				GCC_WARN_ABOUT_RETURN_TYPE = YES_ERROR;
				GCC_WARN_UNDECLARED_SELECTOR = YES;
				GCC_WARN_UNINITIALIZED_AUTOS = YES_AGGRESSIVE;
				GCC_WARN_UNUSED_FUNCTION = YES;
				GCC_WARN_UNUSED_VARIABLE = YES;
				IPHONEOS_DEPLOYMENT_TARGET = 15.5;
				MTL_ENABLE_DEBUG_INFO = NO;
				MTL_FAST_MATH = YES;
				SDKROOT = iphoneos;
				SWIFT_COMPILATION_MODE = wholemodule;
				SWIFT_OPTIMIZATION_LEVEL = "-O";
				VALIDATE_PRODUCT = YES;
			};
			name = Release;
		};
		064DFAF528A026CB002E732C /* Debug */ = {
			isa = XCBuildConfiguration;
			buildSettings = {
				ALWAYS_EMBED_SWIFT_STANDARD_LIBRARIES = YES;
				ASSETCATALOG_COMPILER_APPICON_NAME = AppIcon;
				ASSETCATALOG_COMPILER_GLOBAL_ACCENT_COLOR_NAME = AccentColor;
				CODE_SIGN_STYLE = Automatic;
				CURRENT_PROJECT_VERSION = 1;
				DEVELOPMENT_ASSET_PATHS = "\"todoin/Preview Content\"";
				DEVELOPMENT_TEAM = 989P72HFBW;
				ENABLE_PREVIEWS = YES;
				GENERATE_INFOPLIST_FILE = YES;
				INFOPLIST_KEY_UIApplicationSceneManifest_Generation = YES;
				INFOPLIST_KEY_UIApplicationSupportsIndirectInputEvents = YES;
				INFOPLIST_KEY_UILaunchScreen_Generation = YES;
				INFOPLIST_KEY_UISupportedInterfaceOrientations_iPad = "UIInterfaceOrientationPortrait UIInterfaceOrientationPortraitUpsideDown UIInterfaceOrientationLandscapeLeft UIInterfaceOrientationLandscapeRight";
				INFOPLIST_KEY_UISupportedInterfaceOrientations_iPhone = "UIInterfaceOrientationPortrait UIInterfaceOrientationLandscapeLeft UIInterfaceOrientationLandscapeRight";
				INFOPLIST_KEY_UIUserInterfaceStyle = Dark;
				LD_RUNPATH_SEARCH_PATHS = (
					"$(inherited)",
					"@executable_path/Frameworks",
				);
				MARKETING_VERSION = 1.0;
				PRODUCT_BUNDLE_IDENTIFIER = y3sung.todoin;
				PRODUCT_NAME = ToDoin;
				SWIFT_EMIT_LOC_STRINGS = YES;
				SWIFT_VERSION = 5.0;
				TARGETED_DEVICE_FAMILY = "1,2";
			};
			name = Debug;
		};
		064DFAF628A026CB002E732C /* Release */ = {
			isa = XCBuildConfiguration;
			buildSettings = {
				ALWAYS_EMBED_SWIFT_STANDARD_LIBRARIES = YES;
				ASSETCATALOG_COMPILER_APPICON_NAME = AppIcon;
				ASSETCATALOG_COMPILER_GLOBAL_ACCENT_COLOR_NAME = AccentColor;
				CODE_SIGN_STYLE = Automatic;
				CURRENT_PROJECT_VERSION = 1;
				DEVELOPMENT_ASSET_PATHS = "\"todoin/Preview Content\"";
				DEVELOPMENT_TEAM = 989P72HFBW;
				ENABLE_PREVIEWS = YES;
				GENERATE_INFOPLIST_FILE = YES;
				INFOPLIST_KEY_UIApplicationSceneManifest_Generation = YES;
				INFOPLIST_KEY_UIApplicationSupportsIndirectInputEvents = YES;
				INFOPLIST_KEY_UILaunchScreen_Generation = YES;
				INFOPLIST_KEY_UISupportedInterfaceOrientations_iPad = "UIInterfaceOrientationPortrait UIInterfaceOrientationPortraitUpsideDown UIInterfaceOrientationLandscapeLeft UIInterfaceOrientationLandscapeRight";
				INFOPLIST_KEY_UISupportedInterfaceOrientations_iPhone = "UIInterfaceOrientationPortrait UIInterfaceOrientationLandscapeLeft UIInterfaceOrientationLandscapeRight";
				INFOPLIST_KEY_UIUserInterfaceStyle = Dark;
				LD_RUNPATH_SEARCH_PATHS = (
					"$(inherited)",
					"@executable_path/Frameworks",
				);
				MARKETING_VERSION = 1.0;
				PRODUCT_BUNDLE_IDENTIFIER = y3sung.todoin;
				PRODUCT_NAME = ToDoin;
				SWIFT_EMIT_LOC_STRINGS = YES;
				SWIFT_VERSION = 5.0;
				TARGETED_DEVICE_FAMILY = "1,2";
			};
			name = Release;
		};
		064DFB1828A2DA8A002E732C /* Debug */ = {
			isa = XCBuildConfiguration;
			buildSettings = {
				ASSETCATALOG_COMPILER_GLOBAL_ACCENT_COLOR_NAME = AccentColor;
				ASSETCATALOG_COMPILER_WIDGET_BACKGROUND_COLOR_NAME = WidgetBackground;
				CODE_SIGN_STYLE = Automatic;
				CURRENT_PROJECT_VERSION = 1;
				DEVELOPMENT_TEAM = 989P72HFBW;
				GENERATE_INFOPLIST_FILE = YES;
				INFOPLIST_FILE = Todoin_Widget/Info.plist;
				INFOPLIST_KEY_CFBundleDisplayName = Todoin_Widget;
				INFOPLIST_KEY_NSHumanReadableCopyright = "";
				LD_RUNPATH_SEARCH_PATHS = (
					"$(inherited)",
					"@executable_path/Frameworks",
					"@executable_path/../../Frameworks",
				);
				MARKETING_VERSION = 1.0;
				PRODUCT_BUNDLE_IDENTIFIER = "y3sung.todoin.Todoin-Widget";
				PRODUCT_NAME = "$(TARGET_NAME)";
				SKIP_INSTALL = YES;
				SWIFT_EMIT_LOC_STRINGS = YES;
				SWIFT_VERSION = 5.0;
				TARGETED_DEVICE_FAMILY = "1,2";
			};
			name = Debug;
		};
		064DFB1928A2DA8A002E732C /* Release */ = {
			isa = XCBuildConfiguration;
			buildSettings = {
				ASSETCATALOG_COMPILER_GLOBAL_ACCENT_COLOR_NAME = AccentColor;
				ASSETCATALOG_COMPILER_WIDGET_BACKGROUND_COLOR_NAME = WidgetBackground;
				CODE_SIGN_STYLE = Automatic;
				CURRENT_PROJECT_VERSION = 1;
				DEVELOPMENT_TEAM = 989P72HFBW;
				GENERATE_INFOPLIST_FILE = YES;
				INFOPLIST_FILE = Todoin_Widget/Info.plist;
				INFOPLIST_KEY_CFBundleDisplayName = Todoin_Widget;
				INFOPLIST_KEY_NSHumanReadableCopyright = "";
				LD_RUNPATH_SEARCH_PATHS = (
					"$(inherited)",
					"@executable_path/Frameworks",
					"@executable_path/../../Frameworks",
				);
				MARKETING_VERSION = 1.0;
				PRODUCT_BUNDLE_IDENTIFIER = "y3sung.todoin.Todoin-Widget";
				PRODUCT_NAME = "$(TARGET_NAME)";
				SKIP_INSTALL = YES;
				SWIFT_EMIT_LOC_STRINGS = YES;
				SWIFT_VERSION = 5.0;
				TARGETED_DEVICE_FAMILY = "1,2";
			};
			name = Release;
		};
/* End XCBuildConfiguration section */

/* Begin XCConfigurationList section */
		064DFADC28A026CA002E732C /* Build configuration list for PBXProject "todoin" */ = {
			isa = XCConfigurationList;
			buildConfigurations = (
				064DFAF228A026CB002E732C /* Debug */,
				064DFAF328A026CB002E732C /* Release */,
			);
			defaultConfigurationIsVisible = 0;
			defaultConfigurationName = Release;
		};
		064DFAF428A026CB002E732C /* Build configuration list for PBXNativeTarget "todoin" */ = {
			isa = XCConfigurationList;
			buildConfigurations = (
				064DFAF528A026CB002E732C /* Debug */,
				064DFAF628A026CB002E732C /* Release */,
			);
			defaultConfigurationIsVisible = 0;
			defaultConfigurationName = Release;
		};
		064DFB1728A2DA8A002E732C /* Build configuration list for PBXNativeTarget "Todoin_WidgetExtension" */ = {
			isa = XCConfigurationList;
			buildConfigurations = (
				064DFB1828A2DA8A002E732C /* Debug */,
				064DFB1928A2DA8A002E732C /* Release */,
			);
			defaultConfigurationIsVisible = 0;
			defaultConfigurationName = Release;
		};
/* End XCConfigurationList section */

/* Begin XCVersionGroup section */
		064DFAEF28A026CB002E732C /* todoin.xcdatamodeld */ = {
			isa = XCVersionGroup;
			children = (
				064DFAF028A026CB002E732C /* todoin.xcdatamodel */,
			);
			currentVersion = 064DFAF028A026CB002E732C /* todoin.xcdatamodel */;
			path = todoin.xcdatamodeld;
			sourceTree = "<group>";
			versionGroupType = wrapper.xcdatamodel;
		};
/* End XCVersionGroup section */
	};
	rootObject = 064DFAD928A026CA002E732C /* Project object */;
}
